
Microsoft Visual Studio Solution File, Format Version 12.00
# Visual Studio 2013
VisualStudioVersion = 12.0.30723.0
MinimumVisualStudioVersion = 10.0.40219.1
Project("{FAE04EC0-301F-11D3-BF4B-00C04F79EFBC}") = "Toastinet", "Toastinet\Toastinet.csproj", "{E6C9FFF3-3F9E-4108-B91D-6EA8210D67EA}"
EndProject
Project("{FAE04EC0-301F-11D3-BF4B-00C04F79EFBC}") = "ToastinetSample", "ToastinetSample\ToastinetSample.csproj", "{F83AB2D2-EFCC-47F0-A9D3-1CC97DAA4E71}"
EndProject
Project("{FAE04EC0-301F-11D3-BF4B-00C04F79EFBC}") = "ToastinetWPF", "ToastinetWPF\ToastinetWPF.csproj", "{15B77734-AA31-4CE7-AE09-0571D1F1043C}"
EndProject
Project("{FAE04EC0-301F-11D3-BF4B-00C04F79EFBC}") = "ToastinetWPFSample", "ToastinetWPFSample\ToastinetWPFSample.csproj", "{AB98CFE5-419E-434E-B91B-E29F992D1C5C}"
EndProject
Project("{FAE04EC0-301F-11D3-BF4B-00C04F79EFBC}") = "ToastinetSLSample", "ToastinetSLSample\ToastinetSLSample.csproj", "{345EBB49-351D-4DBD-BD11-44C2ECAF99D8}"
	ProjectSection(ProjectDependencies) = postProject
		{942E3518-204E-451C-B409-52FE47DD9176} = {942E3518-204E-451C-B409-52FE47DD9176}
	EndProjectSection
EndProject
Project("{FAE04EC0-301F-11D3-BF4B-00C04F79EFBC}") = "ToastinetSLSample.Host", "ToastinetSLSample.Host\ToastinetSLSample.Host.csproj", "{942E3518-204E-451C-B409-52FE47DD9176}"
EndProject
Project("{FAE04EC0-301F-11D3-BF4B-00C04F79EFBC}") = "Toastinet", "ToastinetSL\Toastinet.csproj", "{15DF25D8-8A64-4E0D-99A0-764C7C00DAE9}"
EndProject
Project("{2150E333-8FDC-42A3-9474-1A3956D46DE8}") = "Windows Phone 8.0", "Windows Phone 8.0", "{C7BB3218-879A-44A6-BFD5-1EAF810F4207}"
EndProject
Project("{2150E333-8FDC-42A3-9474-1A3956D46DE8}") = "Silverlight", "Silverlight", "{D1F5EC43-145F-423B-9B83-4915E25D2E49}"
EndProject
Project("{2150E333-8FDC-42A3-9474-1A3956D46DE8}") = "WPF", "WPF", "{7DE2A09C-8843-4406-83BE-3761335A7227}"
EndProject
Project("{2150E333-8FDC-42A3-9474-1A3956D46DE8}") = "WinRT", "WinRT", "{22626D00-D161-487B-8B68-BFB2313A4650}"
EndProject
Project("{FAE04EC0-301F-11D3-BF4B-00C04F79EFBC}") = "Toastinet", "Toastinet.WinRT\Toastinet.csproj", "{D77FA983-1900-4129-97EC-D6DC2D11EDBB}"
EndProject
Project("{2150E333-8FDC-42A3-9474-1A3956D46DE8}") = "Toastinet.WinRT.Sample", "Toastinet.WinRT.Sample", "{D4BE1218-E063-410F-9EC0-C6047E06DC0C}"
EndProject
Project("{D954291E-2A0B-460D-934E-DC6B0785DB48}") = "Toastinet.WinRT.Sample.Shared", "Toastinet.WinRT.Sample\Toastinet.WinRT.Sample.Shared\Toastinet.WinRT.Sample.Shared.shproj", "{8799F337-1514-43FB-AC04-ACFEC32FF5B0}"
EndProject
Project("{FAE04EC0-301F-11D3-BF4B-00C04F79EFBC}") = "Toastinet.WinRT.Sample.Windows", "Toastinet.WinRT.Sample\Toastinet.WinRT.Sample.Windows\Toastinet.WinRT.Sample.Windows.csproj", "{15F4C293-0008-445F-8B9E-9EEC36142A92}"
EndProject
Project("{FAE04EC0-301F-11D3-BF4B-00C04F79EFBC}") = "Toastinet.WinRT.Sample.WindowsPhone", "Toastinet.WinRT.Sample\Toastinet.WinRT.Sample.WindowsPhone\Toastinet.WinRT.Sample.WindowsPhone.csproj", "{0AD52018-C6A4-4825-AC87-017469D3D964}"
EndProject
Global
	GlobalSection(SharedMSBuildProjectFiles) = preSolution
		Toastinet.WinRT.Sample\Toastinet.WinRT.Sample.Shared\Toastinet.WinRT.Sample.Shared.projitems*{15f4c293-0008-445f-8b9e-9eec36142a92}*SharedItemsImports = 4
		Toastinet.WinRT.Sample\Toastinet.WinRT.Sample.Shared\Toastinet.WinRT.Sample.Shared.projitems*{0ad52018-c6a4-4825-ac87-017469d3d964}*SharedItemsImports = 4
		Toastinet.WinRT.Sample\Toastinet.WinRT.Sample.Shared\Toastinet.WinRT.Sample.Shared.projitems*{8799f337-1514-43fb-ac04-acfec32ff5b0}*SharedItemsImports = 13
	EndGlobalSection
	GlobalSection(TeamFoundationVersionControl) = preSolution
		SccNumberOfProjects = 13
		SccEnterpriseProvider = {4CA58AB2-18FA-4F8D-95D4-32DDF27D184C}
		SccTeamFoundationServer = https://tfs.codeplex.com/tfs/tfs33
		SccLocalPath0 = .
		SccProjectUniqueName1 = Toastinet\\Toastinet.csproj
		SccProjectTopLevelParentUniqueName1 = Toastinet.sln
		SccProjectName1 = Toastinet
		SccLocalPath1 = Toastinet
		SccProjectUniqueName2 = ToastinetWPF\\ToastinetWPF.csproj
		SccProjectTopLevelParentUniqueName2 = Toastinet.sln
		SccProjectName2 = ToastinetWPF
		SccLocalPath2 = ToastinetWPF
		SccProjectUniqueName3 = ToastinetWPFSample\\ToastinetWPFSample.csproj
		SccProjectTopLevelParentUniqueName3 = Toastinet.sln
		SccProjectName3 = ToastinetWPFSample
		SccLocalPath3 = ToastinetWPFSample
		SccProjectUniqueName4 = ToastinetSLSample\\ToastinetSLSample.csproj
		SccProjectTopLevelParentUniqueName4 = Toastinet.sln
		SccProjectName4 = ToastinetSLSample
		SccLocalPath4 = ToastinetSLSample
		SccProjectUniqueName5 = ToastinetSLSample.Host\\ToastinetSLSample.Host.csproj
		SccProjectTopLevelParentUniqueName5 = Toastinet.sln
		SccProjectName5 = ToastinetSLSample.Host
		SccLocalPath5 = ToastinetSLSample.Host
		SccProjectUniqueName6 = ToastinetSample\\ToastinetSample.csproj
		SccProjectTopLevelParentUniqueName6 = Toastinet.sln
		SccProjectName6 = ToastinetSample
		SccLocalPath6 = ToastinetSample
		SccProjectUniqueName7 = Toastinet.WinRT.Sample\\Toastinet.WinRT.Sample.Shared\\Toastinet.WinRT.Sample.Shared.shproj
		SccProjectTopLevelParentUniqueName7 = Toastinet.sln
		SccProjectName7 = Toastinet.WinRT.Sample/Toastinet.WinRT.Sample.Shared
		SccLocalPath7 = Toastinet.WinRT.Sample\\Toastinet.WinRT.Sample.Shared
		SccProjectUniqueName8 = Toastinet.WinRT.Sample\\Toastinet.WinRT.Sample.Shared\\Toastinet.WinRT.Sample.Shared.projitems
		SccProjectTopLevelParentUniqueName8 = Toastinet.sln
		SccProjectName8 = Toastinet.WinRT.Sample/Toastinet.WinRT.Sample.Shared
		SccLocalPath8 = Toastinet.WinRT.Sample\\Toastinet.WinRT.Sample.Shared
		SccProjectUniqueName9 = Toastinet.WinRT.Sample\\Toastinet.WinRT.Sample.Windows\\Toastinet.WinRT.Sample.Windows.csproj
		SccProjectTopLevelParentUniqueName9 = Toastinet.sln
		SccProjectName9 = Toastinet.WinRT.Sample/Toastinet.WinRT.Sample.Windows
		SccLocalPath9 = Toastinet.WinRT.Sample\\Toastinet.WinRT.Sample.Windows
		SccProjectUniqueName10 = Toastinet.WinRT.Sample\\Toastinet.WinRT.Sample.WindowsPhone\\Toastinet.WinRT.Sample.WindowsPhone.csproj
		SccProjectTopLevelParentUniqueName10 = Toastinet.sln
		SccProjectName10 = Toastinet.WinRT.Sample/Toastinet.WinRT.Sample.WindowsPhone
		SccLocalPath10 = Toastinet.WinRT.Sample\\Toastinet.WinRT.Sample.WindowsPhone
		SccProjectUniqueName11 = ToastinetSL\\Toastinet.csproj
		SccProjectTopLevelParentUniqueName11 = Toastinet.sln
		SccProjectName11 = ToastinetSL
		SccLocalPath11 = ToastinetSL
		SccProjectUniqueName12 = Toastinet.WinRT\\Toastinet.csproj
		SccProjectTopLevelParentUniqueName12 = Toastinet.sln
		SccProjectName12 = Toastinet.WinRT
		SccLocalPath12 = Toastinet.WinRT
	EndGlobalSection
	GlobalSection(SolutionConfigurationPlatforms) = preSolution
		Debug|Any CPU = Debug|Any CPU
		Debug|ARM = Debug|ARM
		Debug|x64 = Debug|x64
		Debug|x86 = Debug|x86
		Release|Any CPU = Release|Any CPU
		Release|ARM = Release|ARM
		Release|x64 = Release|x64
		Release|x86 = Release|x86
	EndGlobalSection
	GlobalSection(ProjectConfigurationPlatforms) = postSolution
		{E6C9FFF3-3F9E-4108-B91D-6EA8210D67EA}.Debug|Any CPU.ActiveCfg = Debug|Any CPU
		{E6C9FFF3-3F9E-4108-B91D-6EA8210D67EA}.Debug|Any CPU.Build.0 = Debug|Any CPU
		{E6C9FFF3-3F9E-4108-B91D-6EA8210D67EA}.Debug|ARM.ActiveCfg = Debug|ARM
		{E6C9FFF3-3F9E-4108-B91D-6EA8210D67EA}.Debug|ARM.Build.0 = Debug|ARM
		{E6C9FFF3-3F9E-4108-B91D-6EA8210D67EA}.Debug|x64.ActiveCfg = Debug|Any CPU
		{E6C9FFF3-3F9E-4108-B91D-6EA8210D67EA}.Debug|x86.ActiveCfg = Debug|x86
		{E6C9FFF3-3F9E-4108-B91D-6EA8210D67EA}.Debug|x86.Build.0 = Debug|x86
		{E6C9FFF3-3F9E-4108-B91D-6EA8210D67EA}.Release|Any CPU.ActiveCfg = Release|Any CPU
		{E6C9FFF3-3F9E-4108-B91D-6EA8210D67EA}.Release|Any CPU.Build.0 = Release|Any CPU
		{E6C9FFF3-3F9E-4108-B91D-6EA8210D67EA}.Release|ARM.ActiveCfg = Release|ARM
		{E6C9FFF3-3F9E-4108-B91D-6EA8210D67EA}.Release|ARM.Build.0 = Release|ARM
		{E6C9FFF3-3F9E-4108-B91D-6EA8210D67EA}.Release|x64.ActiveCfg = Release|Any CPU
		{E6C9FFF3-3F9E-4108-B91D-6EA8210D67EA}.Release|x86.ActiveCfg = Release|x86
		{E6C9FFF3-3F9E-4108-B91D-6EA8210D67EA}.Release|x86.Build.0 = Release|x86
		{F83AB2D2-EFCC-47F0-A9D3-1CC97DAA4E71}.Debug|Any CPU.ActiveCfg = Debug|Any CPU
		{F83AB2D2-EFCC-47F0-A9D3-1CC97DAA4E71}.Debug|Any CPU.Build.0 = Debug|Any CPU
		{F83AB2D2-EFCC-47F0-A9D3-1CC97DAA4E71}.Debug|Any CPU.Deploy.0 = Debug|Any CPU
		{F83AB2D2-EFCC-47F0-A9D3-1CC97DAA4E71}.Debug|ARM.ActiveCfg = Debug|ARM
		{F83AB2D2-EFCC-47F0-A9D3-1CC97DAA4E71}.Debug|ARM.Build.0 = Debug|ARM
		{F83AB2D2-EFCC-47F0-A9D3-1CC97DAA4E71}.Debug|ARM.Deploy.0 = Debug|ARM
		{F83AB2D2-EFCC-47F0-A9D3-1CC97DAA4E71}.Debug|x64.ActiveCfg = Debug|Any CPU
		{F83AB2D2-EFCC-47F0-A9D3-1CC97DAA4E71}.Debug|x86.ActiveCfg = Debug|x86
		{F83AB2D2-EFCC-47F0-A9D3-1CC97DAA4E71}.Debug|x86.Build.0 = Debug|x86
		{F83AB2D2-EFCC-47F0-A9D3-1CC97DAA4E71}.Debug|x86.Deploy.0 = Debug|x86
		{F83AB2D2-EFCC-47F0-A9D3-1CC97DAA4E71}.Release|Any CPU.ActiveCfg = Release|Any CPU
		{F83AB2D2-EFCC-47F0-A9D3-1CC97DAA4E71}.Release|Any CPU.Build.0 = Release|Any CPU
		{F83AB2D2-EFCC-47F0-A9D3-1CC97DAA4E71}.Release|Any CPU.Deploy.0 = Release|Any CPU
		{F83AB2D2-EFCC-47F0-A9D3-1CC97DAA4E71}.Release|ARM.ActiveCfg = Release|ARM
		{F83AB2D2-EFCC-47F0-A9D3-1CC97DAA4E71}.Release|ARM.Build.0 = Release|ARM
		{F83AB2D2-EFCC-47F0-A9D3-1CC97DAA4E71}.Release|ARM.Deploy.0 = Release|ARM
		{F83AB2D2-EFCC-47F0-A9D3-1CC97DAA4E71}.Release|x64.ActiveCfg = Release|Any CPU
		{F83AB2D2-EFCC-47F0-A9D3-1CC97DAA4E71}.Release|x86.ActiveCfg = Release|x86
		{F83AB2D2-EFCC-47F0-A9D3-1CC97DAA4E71}.Release|x86.Build.0 = Release|x86
		{F83AB2D2-EFCC-47F0-A9D3-1CC97DAA4E71}.Release|x86.Deploy.0 = Release|x86
		{15B77734-AA31-4CE7-AE09-0571D1F1043C}.Debug|Any CPU.ActiveCfg = Debug|Any CPU
		{15B77734-AA31-4CE7-AE09-0571D1F1043C}.Debug|Any CPU.Build.0 = Debug|Any CPU
		{15B77734-AA31-4CE7-AE09-0571D1F1043C}.Debug|ARM.ActiveCfg = Debug|Any CPU
		{15B77734-AA31-4CE7-AE09-0571D1F1043C}.Debug|x64.ActiveCfg = Debug|Any CPU
		{15B77734-AA31-4CE7-AE09-0571D1F1043C}.Debug|x86.ActiveCfg = Debug|Any CPU
		{15B77734-AA31-4CE7-AE09-0571D1F1043C}.Release|Any CPU.ActiveCfg = Release|Any CPU
		{15B77734-AA31-4CE7-AE09-0571D1F1043C}.Release|Any CPU.Build.0 = Release|Any CPU
		{15B77734-AA31-4CE7-AE09-0571D1F1043C}.Release|ARM.ActiveCfg = Release|Any CPU
		{15B77734-AA31-4CE7-AE09-0571D1F1043C}.Release|x64.ActiveCfg = Release|Any CPU
		{15B77734-AA31-4CE7-AE09-0571D1F1043C}.Release|x86.ActiveCfg = Release|Any CPU
		{AB98CFE5-419E-434E-B91B-E29F992D1C5C}.Debug|Any CPU.ActiveCfg = Debug|Any CPU
		{AB98CFE5-419E-434E-B91B-E29F992D1C5C}.Debug|Any CPU.Build.0 = Debug|Any CPU
		{AB98CFE5-419E-434E-B91B-E29F992D1C5C}.Debug|ARM.ActiveCfg = Debug|Any CPU
		{AB98CFE5-419E-434E-B91B-E29F992D1C5C}.Debug|x64.ActiveCfg = Debug|Any CPU
		{AB98CFE5-419E-434E-B91B-E29F992D1C5C}.Debug|x86.ActiveCfg = Debug|Any CPU
		{AB98CFE5-419E-434E-B91B-E29F992D1C5C}.Release|Any CPU.ActiveCfg = Release|Any CPU
		{AB98CFE5-419E-434E-B91B-E29F992D1C5C}.Release|Any CPU.Build.0 = Release|Any CPU
		{AB98CFE5-419E-434E-B91B-E29F992D1C5C}.Release|ARM.ActiveCfg = Release|Any CPU
		{AB98CFE5-419E-434E-B91B-E29F992D1C5C}.Release|x64.ActiveCfg = Release|Any CPU
		{AB98CFE5-419E-434E-B91B-E29F992D1C5C}.Release|x86.ActiveCfg = Release|Any CPU
		{345EBB49-351D-4DBD-BD11-44C2ECAF99D8}.Debug|Any CPU.ActiveCfg = Debug|Any CPU
		{345EBB49-351D-4DBD-BD11-44C2ECAF99D8}.Debug|Any CPU.Build.0 = Debug|Any CPU
		{345EBB49-351D-4DBD-BD11-44C2ECAF99D8}.Debug|ARM.ActiveCfg = Debug|Any CPU
		{345EBB49-351D-4DBD-BD11-44C2ECAF99D8}.Debug|x64.ActiveCfg = Debug|Any CPU
		{345EBB49-351D-4DBD-BD11-44C2ECAF99D8}.Debug|x86.ActiveCfg = Debug|Any CPU
		{345EBB49-351D-4DBD-BD11-44C2ECAF99D8}.Release|Any CPU.ActiveCfg = Release|Any CPU
		{345EBB49-351D-4DBD-BD11-44C2ECAF99D8}.Release|Any CPU.Build.0 = Release|Any CPU
		{345EBB49-351D-4DBD-BD11-44C2ECAF99D8}.Release|ARM.ActiveCfg = Release|Any CPU
		{345EBB49-351D-4DBD-BD11-44C2ECAF99D8}.Release|x64.ActiveCfg = Release|Any CPU
		{345EBB49-351D-4DBD-BD11-44C2ECAF99D8}.Release|x86.ActiveCfg = Release|Any CPU
		{942E3518-204E-451C-B409-52FE47DD9176}.Debug|Any CPU.ActiveCfg = Debug|Any CPU
		{942E3518-204E-451C-B409-52FE47DD9176}.Debug|Any CPU.Build.0 = Debug|Any CPU
		{942E3518-204E-451C-B409-52FE47DD9176}.Debug|ARM.ActiveCfg = Debug|Any CPU
		{942E3518-204E-451C-B409-52FE47DD9176}.Debug|x64.ActiveCfg = Debug|Any CPU
		{942E3518-204E-451C-B409-52FE47DD9176}.Debug|x86.ActiveCfg = Debug|Any CPU
		{942E3518-204E-451C-B409-52FE47DD9176}.Release|Any CPU.ActiveCfg = Release|Any CPU
		{942E3518-204E-451C-B409-52FE47DD9176}.Release|Any CPU.Build.0 = Release|Any CPU
		{942E3518-204E-451C-B409-52FE47DD9176}.Release|ARM.ActiveCfg = Release|Any CPU
		{942E3518-204E-451C-B409-52FE47DD9176}.Release|x64.ActiveCfg = Release|Any CPU
		{942E3518-204E-451C-B409-52FE47DD9176}.Release|x86.ActiveCfg = Release|Any CPU
		{15DF25D8-8A64-4E0D-99A0-764C7C00DAE9}.Debug|Any CPU.ActiveCfg = Debug|Any CPU
		{15DF25D8-8A64-4E0D-99A0-764C7C00DAE9}.Debug|Any CPU.Build.0 = Debug|Any CPU
		{15DF25D8-8A64-4E0D-99A0-764C7C00DAE9}.Debug|ARM.ActiveCfg = Debug|Any CPU
		{15DF25D8-8A64-4E0D-99A0-764C7C00DAE9}.Debug|x64.ActiveCfg = Debug|Any CPU
		{15DF25D8-8A64-4E0D-99A0-764C7C00DAE9}.Debug|x86.ActiveCfg = Debug|Any CPU
		{15DF25D8-8A64-4E0D-99A0-764C7C00DAE9}.Release|Any CPU.ActiveCfg = Release|Any CPU
		{15DF25D8-8A64-4E0D-99A0-764C7C00DAE9}.Release|Any CPU.Build.0 = Release|Any CPU
		{15DF25D8-8A64-4E0D-99A0-764C7C00DAE9}.Release|ARM.ActiveCfg = Release|Any CPU
		{15DF25D8-8A64-4E0D-99A0-764C7C00DAE9}.Release|x64.ActiveCfg = Release|Any CPU
		{15DF25D8-8A64-4E0D-99A0-764C7C00DAE9}.Release|x86.ActiveCfg = Release|Any CPU
		{D77FA983-1900-4129-97EC-D6DC2D11EDBB}.Debug|Any CPU.ActiveCfg = Debug|Any CPU
		{D77FA983-1900-4129-97EC-D6DC2D11EDBB}.Debug|Any CPU.Build.0 = Debug|Any CPU
		{D77FA983-1900-4129-97EC-D6DC2D11EDBB}.Debug|ARM.ActiveCfg = Debug|Any CPU
		{D77FA983-1900-4129-97EC-D6DC2D11EDBB}.Debug|x64.ActiveCfg = Debug|Any CPU
		{D77FA983-1900-4129-97EC-D6DC2D11EDBB}.Debug|x86.ActiveCfg = Debug|Any CPU
		{D77FA983-1900-4129-97EC-D6DC2D11EDBB}.Release|Any CPU.ActiveCfg = Release|Any CPU
		{D77FA983-1900-4129-97EC-D6DC2D11EDBB}.Release|Any CPU.Build.0 = Release|Any CPU
		{D77FA983-1900-4129-97EC-D6DC2D11EDBB}.Release|ARM.ActiveCfg = Release|Any CPU
		{D77FA983-1900-4129-97EC-D6DC2D11EDBB}.Release|x64.ActiveCfg = Release|Any CPU
		{D77FA983-1900-4129-97EC-D6DC2D11EDBB}.Release|x86.ActiveCfg = Release|Any CPU
		{15F4C293-0008-445F-8B9E-9EEC36142A92}.Debug|Any CPU.ActiveCfg = Debug|Any CPU
		{15F4C293-0008-445F-8B9E-9EEC36142A92}.Debug|Any CPU.Build.0 = Debug|Any CPU
		{15F4C293-0008-445F-8B9E-9EEC36142A92}.Debug|Any CPU.Deploy.0 = Debug|Any CPU
		{15F4C293-0008-445F-8B9E-9EEC36142A92}.Debug|ARM.ActiveCfg = Debug|ARM
		{15F4C293-0008-445F-8B9E-9EEC36142A92}.Debug|ARM.Build.0 = Debug|ARM
		{15F4C293-0008-445F-8B9E-9EEC36142A92}.Debug|ARM.Deploy.0 = Debug|ARM
		{15F4C293-0008-445F-8B9E-9EEC36142A92}.Debug|x64.ActiveCfg = Debug|x64
		{15F4C293-0008-445F-8B9E-9EEC36142A92}.Debug|x64.Build.0 = Debug|x64
		{15F4C293-0008-445F-8B9E-9EEC36142A92}.Debug|x64.Deploy.0 = Debug|x64
		{15F4C293-0008-445F-8B9E-9EEC36142A92}.Debug|x86.ActiveCfg = Debug|x86
		{15F4C293-0008-445F-8B9E-9EEC36142A92}.Debug|x86.Build.0 = Debug|x86
		{15F4C293-0008-445F-8B9E-9EEC36142A92}.Debug|x86.Deploy.0 = Debug|x86
		{15F4C293-0008-445F-8B9E-9EEC36142A92}.Release|Any CPU.ActiveCfg = Release|Any CPU
		{15F4C293-0008-445F-8B9E-9EEC36142A92}.Release|Any CPU.Build.0 = Release|Any CPU
		{15F4C293-0008-445F-8B9E-9EEC36142A92}.Release|Any CPU.Deploy.0 = Release|Any CPU
		{15F4C293-0008-445F-8B9E-9EEC36142A92}.Release|ARM.ActiveCfg = Release|ARM
		{15F4C293-0008-445F-8B9E-9EEC36142A92}.Release|ARM.Build.0 = Release|ARM
		{15F4C293-0008-445F-8B9E-9EEC36142A92}.Release|ARM.Deploy.0 = Release|ARM
		{15F4C293-0008-445F-8B9E-9EEC36142A92}.Release|x64.ActiveCfg = Release|x64
		{15F4C293-0008-445F-8B9E-9EEC36142A92}.Release|x64.Build.0 = Release|x64
		{15F4C293-0008-445F-8B9E-9EEC36142A92}.Release|x64.Deploy.0 = Release|x64
		{15F4C293-0008-445F-8B9E-9EEC36142A92}.Release|x86.ActiveCfg = Release|x86
		{15F4C293-0008-445F-8B9E-9EEC36142A92}.Release|x86.Build.0 = Release|x86
		{15F4C293-0008-445F-8B9E-9EEC36142A92}.Release|x86.Deploy.0 = Release|x86
		{0AD52018-C6A4-4825-AC87-017469D3D964}.Debug|Any CPU.ActiveCfg = Debug|Any CPU
		{0AD52018-C6A4-4825-AC87-017469D3D964}.Debug|Any CPU.Build.0 = Debug|Any CPU
		{0AD52018-C6A4-4825-AC87-017469D3D964}.Debug|Any CPU.Deploy.0 = Debug|Any CPU
		{0AD52018-C6A4-4825-AC87-017469D3D964}.Debug|ARM.ActiveCfg = Debug|ARM
		{0AD52018-C6A4-4825-AC87-017469D3D964}.Debug|ARM.Build.0 = Debug|ARM
		{0AD52018-C6A4-4825-AC87-017469D3D964}.Debug|ARM.Deploy.0 = Debug|ARM
		{0AD52018-C6A4-4825-AC87-017469D3D964}.Debug|x64.ActiveCfg = Debug|Any CPU
		{0AD52018-C6A4-4825-AC87-017469D3D964}.Debug|x86.ActiveCfg = Debug|x86
		{0AD52018-C6A4-4825-AC87-017469D3D964}.Debug|x86.Build.0 = Debug|x86
		{0AD52018-C6A4-4825-AC87-017469D3D964}.Debug|x86.Deploy.0 = Debug|x86
		{0AD52018-C6A4-4825-AC87-017469D3D964}.Release|Any CPU.ActiveCfg = Release|Any CPU
		{0AD52018-C6A4-4825-AC87-017469D3D964}.Release|Any CPU.Build.0 = Release|Any CPU
		{0AD52018-C6A4-4825-AC87-017469D3D964}.Release|Any CPU.Deploy.0 = Release|Any CPU
		{0AD52018-C6A4-4825-AC87-017469D3D964}.Release|ARM.ActiveCfg = Release|ARM
		{0AD52018-C6A4-4825-AC87-017469D3D964}.Release|ARM.Build.0 = Release|ARM
		{0AD52018-C6A4-4825-AC87-017469D3D964}.Release|ARM.Deploy.0 = Release|ARM
		{0AD52018-C6A4-4825-AC87-017469D3D964}.Release|x64.ActiveCfg = Release|Any CPU
		{0AD52018-C6A4-4825-AC87-017469D3D964}.Release|x86.ActiveCfg = Release|x86
		{0AD52018-C6A4-4825-AC87-017469D3D964}.Release|x86.Build.0 = Release|x86
		{0AD52018-C6A4-4825-AC87-017469D3D964}.Release|x86.Deploy.0 = Release|x86
	EndGlobalSection
	GlobalSection(SolutionProperties) = preSolution
		HideSolutionNode = FALSE
	EndGlobalSection
	GlobalSection(NestedProjects) = preSolution
		{E6C9FFF3-3F9E-4108-B91D-6EA8210D67EA} = {C7BB3218-879A-44A6-BFD5-1EAF810F4207}
		{F83AB2D2-EFCC-47F0-A9D3-1CC97DAA4E71} = {C7BB3218-879A-44A6-BFD5-1EAF810F4207}
		{15B77734-AA31-4CE7-AE09-0571D1F1043C} = {7DE2A09C-8843-4406-83BE-3761335A7227}
		{AB98CFE5-419E-434E-B91B-E29F992D1C5C} = {7DE2A09C-8843-4406-83BE-3761335A7227}
		{345EBB49-351D-4DBD-BD11-44C2ECAF99D8} = {D1F5EC43-145F-423B-9B83-4915E25D2E49}
		{942E3518-204E-451C-B409-52FE47DD9176} = {D1F5EC43-145F-423B-9B83-4915E25D2E49}
		{15DF25D8-8A64-4E0D-99A0-764C7C00DAE9} = {D1F5EC43-145F-423B-9B83-4915E25D2E49}
		{D77FA983-1900-4129-97EC-D6DC2D11EDBB} = {22626D00-D161-487B-8B68-BFB2313A4650}
		{D4BE1218-E063-410F-9EC0-C6047E06DC0C} = {22626D00-D161-487B-8B68-BFB2313A4650}
		{8799F337-1514-43FB-AC04-ACFEC32FF5B0} = {D4BE1218-E063-410F-9EC0-C6047E06DC0C}
		{15F4C293-0008-445F-8B9E-9EEC36142A92} = {D4BE1218-E063-410F-9EC0-C6047E06DC0C}
		{0AD52018-C6A4-4825-AC87-017469D3D964} = {D4BE1218-E063-410F-9EC0-C6047E06DC0C}
	EndGlobalSection
EndGlobal
